// !$*UTF8*$!
{
	archiveVersion = 1;
	classes = {
	};
	objectVersion = 50;
	objects = {

/* Begin PBXBuildFile section */
		EC9D4B1E26A66EE5008CCB62 /* Tests_iOS.swift in Sources */ = {isa = PBXBuildFile; fileRef = EC9D4B1D26A66EE5008CCB62 /* Tests_iOS.swift */; };
		EC9D4B2926A66EE5008CCB62 /* Tests_macOS.swift in Sources */ = {isa = PBXBuildFile; fileRef = EC9D4B2826A66EE5008CCB62 /* Tests_macOS.swift */; };
		EC9D4B2B26A66EE5008CCB62 /* Demo01App.swift in Sources */ = {isa = PBXBuildFile; fileRef = EC9D4B0226A66EE2008CCB62 /* Demo01App.swift */; };
		EC9D4B2C26A66EE5008CCB62 /* Demo01App.swift in Sources */ = {isa = PBXBuildFile; fileRef = EC9D4B0226A66EE2008CCB62 /* Demo01App.swift */; };
		EC9D4B2D26A66EE5008CCB62 /* ContentView.swift in Sources */ = {isa = PBXBuildFile; fileRef = EC9D4B0326A66EE2008CCB62 /* ContentView.swift */; };
		EC9D4B2E26A66EE5008CCB62 /* ContentView.swift in Sources */ = {isa = PBXBuildFile; fileRef = EC9D4B0326A66EE2008CCB62 /* ContentView.swift */; };
		EC9D4B2F26A66EE5008CCB62 /* Assets.xcassets in Resources */ = {isa = PBXBuildFile; fileRef = EC9D4B0426A66EE5008CCB62 /* Assets.xcassets */; };
		EC9D4B3026A66EE5008CCB62 /* Assets.xcassets in Resources */ = {isa = PBXBuildFile; fileRef = EC9D4B0426A66EE5008CCB62 /* Assets.xcassets */; };
/* End PBXBuildFile section */

/* Begin PBXContainerItemProxy section */
		EC9D4B1A26A66EE5008CCB62 /* PBXContainerItemProxy */ = {
			isa = PBXContainerItemProxy;
			containerPortal = EC9D4AFD26A66EE2008CCB62 /* Project object */;
			proxyType = 1;
			remoteGlobalIDString = EC9D4B0826A66EE5008CCB62;
			remoteInfo = "Demo01 (iOS)";
		};
		EC9D4B2526A66EE5008CCB62 /* PBXContainerItemProxy */ = {
			isa = PBXContainerItemProxy;
			containerPortal = EC9D4AFD26A66EE2008CCB62 /* Project object */;
			proxyType = 1;
			remoteGlobalIDString = EC9D4B1026A66EE5008CCB62;
			remoteInfo = "Demo01 (macOS)";
		};
/* End PBXContainerItemProxy section */

/* Begin PBXFileReference section */
		EC9D4B0226A66EE2008CCB62 /* Demo01App.swift */ = {isa = PBXFileReference; lastKnownFileType = sourcecode.swift; path = Demo01App.swift; sourceTree = "<group>"; };
		EC9D4B0326A66EE2008CCB62 /* ContentView.swift */ = {isa = PBXFileReference; lastKnownFileType = sourcecode.swift; path = ContentView.swift; sourceTree = "<group>"; };
		EC9D4B0426A66EE5008CCB62 /* Assets.xcassets */ = {isa = PBXFileReference; lastKnownFileType = folder.assetcatalog; path = Assets.xcassets; sourceTree = "<group>"; };
		EC9D4B0926A66EE5008CCB62 /* Demo01.app */ = {isa = PBXFileReference; explicitFileType = wrapper.application; includeInIndex = 0; path = Demo01.app; sourceTree = BUILT_PRODUCTS_DIR; };
		EC9D4B0C26A66EE5008CCB62 /* Info.plist */ = {isa = PBXFileReference; lastKnownFileType = text.plist.xml; path = Info.plist; sourceTree = "<group>"; };
		EC9D4B1126A66EE5008CCB62 /* Demo01.app */ = {isa = PBXFileReference; explicitFileType = wrapper.application; includeInIndex = 0; path = Demo01.app; sourceTree = BUILT_PRODUCTS_DIR; };
		EC9D4B1326A66EE5008CCB62 /* Info.plist */ = {isa = PBXFileReference; lastKnownFileType = text.plist.xml; path = Info.plist; sourceTree = "<group>"; };
		EC9D4B1426A66EE5008CCB62 /* macOS.entitlements */ = {isa = PBXFileReference; lastKnownFileType = text.plist.entitlements; path = macOS.entitlements; sourceTree = "<group>"; };
		EC9D4B1926A66EE5008CCB62 /* Tests iOS.xctest */ = {isa = PBXFileReference; explicitFileType = wrapper.cfbundle; includeInIndex = 0; path = "Tests iOS.xctest"; sourceTree = BUILT_PRODUCTS_DIR; };
		EC9D4B1D26A66EE5008CCB62 /* Tests_iOS.swift */ = {isa = PBXFileReference; lastKnownFileType = sourcecode.swift; path = Tests_iOS.swift; sourceTree = "<group>"; };
		EC9D4B1F26A66EE5008CCB62 /* Info.plist */ = {isa = PBXFileReference; lastKnownFileType = text.plist.xml; path = Info.plist; sourceTree = "<group>"; };
		EC9D4B2426A66EE5008CCB62 /* Tests macOS.xctest */ = {isa = PBXFileReference; explicitFileType = wrapper.cfbundle; includeInIndex = 0; path = "Tests macOS.xctest"; sourceTree = BUILT_PRODUCTS_DIR; };
		EC9D4B2826A66EE5008CCB62 /* Tests_macOS.swift */ = {isa = PBXFileReference; lastKnownFileType = sourcecode.swift; path = Tests_macOS.swift; sourceTree = "<group>"; };
		EC9D4B2A26A66EE5008CCB62 /* Info.plist */ = {isa = PBXFileReference; lastKnownFileType = text.plist.xml; path = Info.plist; sourceTree = "<group>"; };
/* End PBXFileReference section */

/* Begin PBXFrameworksBuildPhase section */
		EC9D4B0626A66EE5008CCB62 /* Frameworks */ = {
			isa = PBXFrameworksBuildPhase;
			buildActionMask = 2147483647;
			files = (
			);
			runOnlyForDeploymentPostprocessing = 0;
		};
		EC9D4B0E26A66EE5008CCB62 /* Frameworks */ = {
			isa = PBXFrameworksBuildPhase;
			buildActionMask = 2147483647;
			files = (
			);
			runOnlyForDeploymentPostprocessing = 0;
		};
		EC9D4B1626A66EE5008CCB62 /* Frameworks */ = {
			isa = PBXFrameworksBuildPhase;
			buildActionMask = 2147483647;
			files = (
			);
			runOnlyForDeploymentPostprocessing = 0;
		};
		EC9D4B2126A66EE5008CCB62 /* Frameworks */ = {
			isa = PBXFrameworksBuildPhase;
			buildActionMask = 2147483647;
			files = (
			);
			runOnlyForDeploymentPostprocessing = 0;
		};
/* End PBXFrameworksBuildPhase section */

/* Begin PBXGroup section */
		EC9D4AFC26A66EE2008CCB62 = {
			isa = PBXGroup;
			children = (
				EC9D4B0126A66EE2008CCB62 /* Shared */,
				EC9D4B0B26A66EE5008CCB62 /* iOS */,
				EC9D4B1226A66EE5008CCB62 /* macOS */,
				EC9D4B1C26A66EE5008CCB62 /* Tests iOS */,
				EC9D4B2726A66EE5008CCB62 /* Tests macOS */,
				EC9D4B0A26A66EE5008CCB62 /* Products */,
			);
			sourceTree = "<group>";
		};
		EC9D4B0126A66EE2008CCB62 /* Shared */ = {
			isa = PBXGroup;
			children = (
				EC9D4B0226A66EE2008CCB62 /* Demo01App.swift */,
				EC9D4B0326A66EE2008CCB62 /* ContentView.swift */,
				EC9D4B0426A66EE5008CCB62 /* Assets.xcassets */,
			);
			path = Shared;
			sourceTree = "<group>";
		};
		EC9D4B0A26A66EE5008CCB62 /* Products */ = {
			isa = PBXGroup;
			children = (
				EC9D4B0926A66EE5008CCB62 /* Demo01.app */,
				EC9D4B1126A66EE5008CCB62 /* Demo01.app */,
				EC9D4B1926A66EE5008CCB62 /* Tests iOS.xctest */,
				EC9D4B2426A66EE5008CCB62 /* Tests macOS.xctest */,
			);
			name = Products;
			sourceTree = "<group>";
		};
		EC9D4B0B26A66EE5008CCB62 /* iOS */ = {
			isa = PBXGroup;
			children = (
				EC9D4B0C26A66EE5008CCB62 /* Info.plist */,
			);
			path = iOS;
			sourceTree = "<group>";
		};
		EC9D4B1226A66EE5008CCB62 /* macOS */ = {
			isa = PBXGroup;
			children = (
				EC9D4B1326A66EE5008CCB62 /* Info.plist */,
				EC9D4B1426A66EE5008CCB62 /* macOS.entitlements */,
			);
			path = macOS;
			sourceTree = "<group>";
		};
		EC9D4B1C26A66EE5008CCB62 /* Tests iOS */ = {
			isa = PBXGroup;
			children = (
				EC9D4B1D26A66EE5008CCB62 /* Tests_iOS.swift */,
				EC9D4B1F26A66EE5008CCB62 /* Info.plist */,
			);
			path = "Tests iOS";
			sourceTree = "<group>";
		};
		EC9D4B2726A66EE5008CCB62 /* Tests macOS */ = {
			isa = PBXGroup;
			children = (
				EC9D4B2826A66EE5008CCB62 /* Tests_macOS.swift */,
				EC9D4B2A26A66EE5008CCB62 /* Info.plist */,
			);
			path = "Tests macOS";
			sourceTree = "<group>";
		};
/* End PBXGroup section */

/* Begin PBXNativeTarget section */
		EC9D4B0826A66EE5008CCB62 /* Demo01 (iOS) */ = {
			isa = PBXNativeTarget;
			buildConfigurationList = EC9D4B3326A66EE5008CCB62 /* Build configuration list for PBXNativeTarget "Demo01 (iOS)" */;
			buildPhases = (
				EC9D4B0526A66EE5008CCB62 /* Sources */,
				EC9D4B0626A66EE5008CCB62 /* Frameworks */,
				EC9D4B0726A66EE5008CCB62 /* Resources */,
			);
			buildRules = (
			);
			dependencies = (
			);
			name = "Demo01 (iOS)";
			productName = "Demo01 (iOS)";
			productReference = EC9D4B0926A66EE5008CCB62 /* Demo01.app */;
			productType = "com.apple.product-type.application";
		};
		EC9D4B1026A66EE5008CCB62 /* Demo01 (macOS) */ = {
			isa = PBXNativeTarget;
			buildConfigurationList = EC9D4B3626A66EE5008CCB62 /* Build configuration list for PBXNativeTarget "Demo01 (macOS)" */;
			buildPhases = (
				EC9D4B0D26A66EE5008CCB62 /* Sources */,
				EC9D4B0E26A66EE5008CCB62 /* Frameworks */,
				EC9D4B0F26A66EE5008CCB62 /* Resources */,
			);
			buildRules = (
			);
			dependencies = (
			);
			name = "Demo01 (macOS)";
			productName = "Demo01 (macOS)";
			productReference = EC9D4B1126A66EE5008CCB62 /* Demo01.app */;
			productType = "com.apple.product-type.application";
		};
		EC9D4B1826A66EE5008CCB62 /* Tests iOS */ = {
			isa = PBXNativeTarget;
			buildConfigurationList = EC9D4B3926A66EE5008CCB62 /* Build configuration list for PBXNativeTarget "Tests iOS" */;
			buildPhases = (
				EC9D4B1526A66EE5008CCB62 /* Sources */,
				EC9D4B1626A66EE5008CCB62 /* Frameworks */,
				EC9D4B1726A66EE5008CCB62 /* Resources */,
			);
			buildRules = (
			);
			dependencies = (
				EC9D4B1B26A66EE5008CCB62 /* PBXTargetDependency */,
			);
			name = "Tests iOS";
			productName = "Tests iOS";
			productReference = EC9D4B1926A66EE5008CCB62 /* Tests iOS.xctest */;
			productType = "com.apple.product-type.bundle.ui-testing";
		};
		EC9D4B2326A66EE5008CCB62 /* Tests macOS */ = {
			isa = PBXNativeTarget;
			buildConfigurationList = EC9D4B3C26A66EE5008CCB62 /* Build configuration list for PBXNativeTarget "Tests macOS" */;
			buildPhases = (
				EC9D4B2026A66EE5008CCB62 /* Sources */,
				EC9D4B2126A66EE5008CCB62 /* Frameworks */,
				EC9D4B2226A66EE5008CCB62 /* Resources */,
			);
			buildRules = (
			);
			dependencies = (
				EC9D4B2626A66EE5008CCB62 /* PBXTargetDependency */,
			);
			name = "Tests macOS";
			productName = "Tests macOS";
			productReference = EC9D4B2426A66EE5008CCB62 /* Tests macOS.xctest */;
			productType = "com.apple.product-type.bundle.ui-testing";
		};
/* End PBXNativeTarget section */

/* Begin PBXProject section */
		EC9D4AFD26A66EE2008CCB62 /* Project object */ = {
			isa = PBXProject;
			attributes = {
				LastSwiftUpdateCheck = 1250;
				LastUpgradeCheck = 1250;
				TargetAttributes = {
					EC9D4B0826A66EE5008CCB62 = {
						CreatedOnToolsVersion = 12.5.1;
					};
					EC9D4B1026A66EE5008CCB62 = {
						CreatedOnToolsVersion = 12.5.1;
					};
					EC9D4B1826A66EE5008CCB62 = {
						CreatedOnToolsVersion = 12.5.1;
						TestTargetID = EC9D4B0826A66EE5008CCB62;
					};
					EC9D4B2326A66EE5008CCB62 = {
						CreatedOnToolsVersion = 12.5.1;
						TestTargetID = EC9D4B1026A66EE5008CCB62;
					};
				};
			};
			buildConfigurationList = EC9D4B0026A66EE2008CCB62 /* Build configuration list for PBXProject "Demo01" */;
			compatibilityVersion = "Xcode 9.3";
			developmentRegion = en;
			hasScannedForEncodings = 0;
			knownRegions = (
				en,
				Base,
			);
			mainGroup = EC9D4AFC26A66EE2008CCB62;
			productRefGroup = EC9D4B0A26A66EE5008CCB62 /* Products */;
			projectDirPath = "";
			projectRoot = "";
			targets = (
				EC9D4B0826A66EE5008CCB62 /* Demo01 (iOS) */,
				EC9D4B1026A66EE5008CCB62 /* Demo01 (macOS) */,
				EC9D4B1826A66EE5008CCB62 /* Tests iOS */,
				EC9D4B2326A66EE5008CCB62 /* Tests macOS */,
			);
		};
/* End PBXProject section */

/* Begin PBXResourcesBuildPhase section */
		EC9D4B0726A66EE5008CCB62 /* Resources */ = {
			isa = PBXResourcesBuildPhase;
			buildActionMask = 2147483647;
			files = (
				EC9D4B2F26A66EE5008CCB62 /* Assets.xcassets in Resources */,
			);
			runOnlyForDeploymentPostprocessing = 0;
		};
		EC9D4B0F26A66EE5008CCB62 /* Resources */ = {
			isa = PBXResourcesBuildPhase;
			buildActionMask = 2147483647;
			files = (
				EC9D4B3026A66EE5008CCB62 /* Assets.xcassets in Resources */,
			);
			runOnlyForDeploymentPostprocessing = 0;
		};
		EC9D4B1726A66EE5008CCB62 /* Resources */ = {
			isa = PBXResourcesBuildPhase;
			buildActionMask = 2147483647;
			files = (
			);
			runOnlyForDeploymentPostprocessing = 0;
		};
		EC9D4B2226A66EE5008CCB62 /* Resources */ = {
			isa = PBXResourcesBuildPhase;
			buildActionMask = 2147483647;
			files = (
			);
			runOnlyForDeploymentPostprocessing = 0;
		};
/* End PBXResourcesBuildPhase section */

/* Begin PBXSourcesBuildPhase section */
		EC9D4B0526A66EE5008CCB62 /* Sources */ = {
			isa = PBXSourcesBuildPhase;
			buildActionMask = 2147483647;
			files = (
				EC9D4B2D26A66EE5008CCB62 /* ContentView.swift in Sources */,
				EC9D4B2B26A66EE5008CCB62 /* Demo01App.swift in Sources */,
			);
			runOnlyForDeploymentPostprocessing = 0;
		};
		EC9D4B0D26A66EE5008CCB62 /* Sources */ = {
			isa = PBXSourcesBuildPhase;
			buildActionMask = 2147483647;
			files = (
				EC9D4B2E26A66EE5008CCB62 /* ContentView.swift in Sources */,
				EC9D4B2C26A66EE5008CCB62 /* Demo01App.swift in Sources */,
			);
			runOnlyForDeploymentPostprocessing = 0;
		};
		EC9D4B1526A66EE5008CCB62 /* Sources */ = {
			isa = PBXSourcesBuildPhase;
			buildActionMask = 2147483647;
			files = (
				EC9D4B1E26A66EE5008CCB62 /* Tests_iOS.swift in Sources */,
			);
			runOnlyForDeploymentPostprocessing = 0;
		};
		EC9D4B2026A66EE5008CCB62 /* Sources */ = {
			isa = PBXSourcesBuildPhase;
			buildActionMask = 2147483647;
			files = (
				EC9D4B2926A66EE5008CCB62 /* Tests_macOS.swift in Sources */,
			);
			runOnlyForDeploymentPostprocessing = 0;
		};
/* End PBXSourcesBuildPhase section */

/* Begin PBXTargetDependency section */
		EC9D4B1B26A66EE5008CCB62 /* PBXTargetDependency */ = {
			isa = PBXTargetDependency;
			target = EC9D4B0826A66EE5008CCB62 /* Demo01 (iOS) */;
			targetProxy = EC9D4B1A26A66EE5008CCB62 /* PBXContainerItemProxy */;
		};
		EC9D4B2626A66EE5008CCB62 /* PBXTargetDependency */ = {
			isa = PBXTargetDependency;
			target = EC9D4B1026A66EE5008CCB62 /* Demo01 (macOS) */;
			targetProxy = EC9D4B2526A66EE5008CCB62 /* PBXContainerItemProxy */;
		};
/* End PBXTargetDependency section */

/* Begin XCBuildConfiguration section */
		EC9D4B3126A66EE5008CCB62 /* Debug */ = {
			isa = XCBuildConfiguration;
			buildSettings = {
				ALWAYS_SEARCH_USER_PATHS = NO;
				CLANG_ANALYZER_NONNULL = YES;
				CLANG_ANALYZER_NUMBER_OBJECT_CONVERSION = YES_AGGRESSIVE;
				CLANG_CXX_LANGUAGE_STANDARD = "gnu++14";
				CLANG_CXX_LIBRARY = "libc++";
				CLANG_ENABLE_MODULES = YES;
				CLANG_ENABLE_OBJC_ARC = YES;
				CLANG_ENABLE_OBJC_WEAK = YES;
				CLANG_WARN_BLOCK_CAPTURE_AUTORELEASING = YES;
				CLANG_WARN_BOOL_CONVERSION = YES;
				CLANG_WARN_COMMA = YES;
				CLANG_WARN_CONSTANT_CONVERSION = YES;
				CLANG_WARN_DEPRECATED_OBJC_IMPLEMENTATIONS = YES;
				CLANG_WARN_DIRECT_OBJC_ISA_USAGE = YES_ERROR;
				CLANG_WARN_DOCUMENTATION_COMMENTS = YES;
				CLANG_WARN_EMPTY_BODY = YES;
				CLANG_WARN_ENUM_CONVERSION = YES;
				CLANG_WARN_INFINITE_RECURSION = YES;
				CLANG_WARN_INT_CONVERSION = YES;
				CLANG_WARN_NON_LITERAL_NULL_CONVERSION = YES;
				CLANG_WARN_OBJC_IMPLICIT_RETAIN_SELF = YES;
				CLANG_WARN_OBJC_LITERAL_CONVERSION = YES;
				CLANG_WARN_OBJC_ROOT_CLASS = YES_ERROR;
				CLANG_WARN_QUOTED_INCLUDE_IN_FRAMEWORK_HEADER = YES;
				CLANG_WARN_RANGE_LOOP_ANALYSIS = YES;
				CLANG_WARN_STRICT_PROTOTYPES = YES;
				CLANG_WARN_SUSPICIOUS_MOVE = YES;
				CLANG_WARN_UNGUARDED_AVAILABILITY = YES_AGGRESSIVE;
				CLANG_WARN_UNREACHABLE_CODE = YES;
				CLANG_WARN__DUPLICATE_METHOD_MATCH = YES;
				COPY_PHASE_STRIP = NO;
				DEBUG_INFORMATION_FORMAT = dwarf;
				ENABLE_STRICT_OBJC_MSGSEND = YES;
				ENABLE_TESTABILITY = YES;
				GCC_C_LANGUAGE_STANDARD = gnu11;
				GCC_DYNAMIC_NO_PIC = NO;
				GCC_NO_COMMON_BLOCKS = YES;
				GCC_OPTIMIZATION_LEVEL = 0;
				GCC_PREPROCESSOR_DEFINITIONS = (
					"DEBUG=1",
					"$(inherited)",
				);
				GCC_WARN_64_TO_32_BIT_CONVERSION = YES;
				GCC_WARN_ABOUT_RETURN_TYPE = YES_ERROR;
				GCC_WARN_UNDECLARED_SELECTOR = YES;
				GCC_WARN_UNINITIALIZED_AUTOS = YES_AGGRESSIVE;
				GCC_WARN_UNUSED_FUNCTION = YES;
				GCC_WARN_UNUSED_VARIABLE = YES;
				MTL_ENABLE_DEBUG_INFO = INCLUDE_SOURCE;
				MTL_FAST_MATH = YES;
				ONLY_ACTIVE_ARCH = YES;
				SWIFT_ACTIVE_COMPILATION_CONDITIONS = DEBUG;
				SWIFT_OPTIMIZATION_LEVEL = "-Onone";
			};
			name = Debug;
		};
		EC9D4B3226A66EE5008CCB62 /* Release */ = {
			isa = XCBuildConfiguration;
			buildSettings = {
				ALWAYS_SEARCH_USER_PATHS = NO;
				CLANG_ANALYZER_NONNULL = YES;
				CLANG_ANALYZER_NUMBER_OBJECT_CONVERSION = YES_AGGRESSIVE;
				CLANG_CXX_LANGUAGE_STANDARD = "gnu++14";
				CLANG_CXX_LIBRARY = "libc++";
				CLANG_ENABLE_MODULES = YES;
				CLANG_ENABLE_OBJC_ARC = YES;
				CLANG_ENABLE_OBJC_WEAK = YES;
				CLANG_WARN_BLOCK_CAPTURE_AUTORELEASING = YES;
				CLANG_WARN_BOOL_CONVERSION = YES;
				CLANG_WARN_COMMA = YES;
				CLANG_WARN_CONSTANT_CONVERSION = YES;
				CLANG_WARN_DEPRECATED_OBJC_IMPLEMENTATIONS = YES;
				CLANG_WARN_DIRECT_OBJC_ISA_USAGE = YES_ERROR;
				CLANG_WARN_DOCUMENTATION_COMMENTS = YES;
				CLANG_WARN_EMPTY_BODY = YES;
				CLANG_WARN_ENUM_CONVERSION = YES;
				CLANG_WARN_INFINITE_RECURSION = YES;
				CLANG_WARN_INT_CONVERSION = YES;
				CLANG_WARN_NON_LITERAL_NULL_CONVERSION = YES;
				CLANG_WARN_OBJC_IMPLICIT_RETAIN_SELF = YES;
				CLANG_WARN_OBJC_LITERAL_CONVERSION = YES;
				CLANG_WARN_OBJC_ROOT_CLASS = YES_ERROR;
				CLANG_WARN_QUOTED_INCLUDE_IN_FRAMEWORK_HEADER = YES;
				CLANG_WARN_RANGE_LOOP_ANALYSIS = YES;
				CLANG_WARN_STRICT_PROTOTYPES = YES;
				CLANG_WARN_SUSPICIOUS_MOVE = YES;
				CLANG_WARN_UNGUARDED_AVAILABILITY = YES_AGGRESSIVE;
				CLANG_WARN_UNREACHABLE_CODE = YES;
				CLANG_WARN__DUPLICATE_METHOD_MATCH = YES;
				COPY_PHASE_STRIP = NO;
				DEBUG_INFORMATION_FORMAT = "dwarf-with-dsym";
				ENABLE_NS_ASSERTIONS = NO;
				ENABLE_STRICT_OBJC_MSGSEND = YES;
				GCC_C_LANGUAGE_STANDARD = gnu11;
				GCC_NO_COMMON_BLOCKS = YES;
				GCC_WARN_64_TO_32_BIT_CONVERSION = YES;
				GCC_WARN_ABOUT_RETURN_TYPE = YES_ERROR;
				GCC_WARN_UNDECLARED_SELECTOR = YES;
				GCC_WARN_UNINITIALIZED_AUTOS = YES_AGGRESSIVE;
				GCC_WARN_UNUSED_FUNCTION = YES;
				GCC_WARN_UNUSED_VARIABLE = YES;
				MTL_ENABLE_DEBUG_INFO = NO;
				MTL_FAST_MATH = YES;
				SWIFT_COMPILATION_MODE = wholemodule;
				SWIFT_OPTIMIZATION_LEVEL = "-O";
			};
			name = Release;
		};
		EC9D4B3426A66EE5008CCB62 /* Debug */ = {
			isa = XCBuildConfiguration;
			buildSettings = {
				ASSETCATALOG_COMPILER_APPICON_NAME = AppIcon;
				ASSETCATALOG_COMPILER_GLOBAL_ACCENT_COLOR_NAME = AccentColor;
				CODE_SIGN_STYLE = Automatic;
				ENABLE_PREVIEWS = YES;
				INFOPLIST_FILE = iOS/Info.plist;
				IPHONEOS_DEPLOYMENT_TARGET = 14.0;
				LD_RUNPATH_SEARCH_PATHS = (
					"$(inherited)",
					"@executable_path/Frameworks",
				);
				PRODUCT_BUNDLE_IDENTIFIER = com.Travis.Demo01;
				PRODUCT_NAME = Demo01;
				SDKROOT = iphoneos;
				SWIFT_VERSION = 5.0;
				TARGETED_DEVICE_FAMILY = "1,2";
			};
			name = Debug;
		};
		EC9D4B3526A66EE5008CCB62 /* Release */ = {
			isa = XCBuildConfiguration;
			buildSettings = {
				ASSETCATALOG_COMPILER_APPICON_NAME = AppIcon;
				ASSETCATALOG_COMPILER_GLOBAL_ACCENT_COLOR_NAME = AccentColor;
				CODE_SIGN_STYLE = Automatic;
				ENABLE_PREVIEWS = YES;
				INFOPLIST_FILE = iOS/Info.plist;
				IPHONEOS_DEPLOYMENT_TARGET = 14.0;
				LD_RUNPATH_SEARCH_PATHS = (
					"$(inherited)",
					"@executable_path/Frameworks",
				);
				PRODUCT_BUNDLE_IDENTIFIER = com.Travis.Demo01;
				PRODUCT_NAME = Demo01;
				SDKROOT = iphoneos;
				SWIFT_VERSION = 5.0;
				TARGETED_DEVICE_FAMILY = "1,2";
				VALIDATE_PRODUCT = YES;
			};
			name = Release;
		};
		EC9D4B3726A66EE5008CCB62 /* Debug */ = {
			isa = XCBuildConfiguration;
			buildSettings = {
				ASSETCATALOG_COMPILER_APPICON_NAME = AppIcon;
				ASSETCATALOG_COMPILER_GLOBAL_ACCENT_COLOR_NAME = AccentColor;
				CODE_SIGN_ENTITLEMENTS = macOS/macOS.entitlements;
				CODE_SIGN_STYLE = Automatic;
				COMBINE_HIDPI_IMAGES = YES;
				ENABLE_PREVIEWS = YES;
				INFOPLIST_FILE = macOS/Info.plist;
				LD_RUNPATH_SEARCH_PATHS = (
					"$(inherited)",
					"@executable_path/../Frameworks",
				);
				MACOSX_DEPLOYMENT_TARGET = 11.0;
				PRODUCT_BUNDLE_IDENTIFIER = com.Travis.Demo01;
				PRODUCT_NAME = Demo01;
				SDKROOT = macosx;
				SWIFT_VERSION = 5.0;
			};
			name = Debug;
		};
		EC9D4B3826A66EE5008CCB62 /* Release */ = {
			isa = XCBuildConfiguration;
			buildSettings = {
				ASSETCATALOG_COMPILER_APPICON_NAME = AppIcon;
				ASSETCATALOG_COMPILER_GLOBAL_ACCENT_COLOR_NAME = AccentColor;
				CODE_SIGN_ENTITLEMENTS = macOS/macOS.entitlements;
				CODE_SIGN_STYLE = Automatic;
				COMBINE_HIDPI_IMAGES = YES;
				ENABLE_PREVIEWS = YES;
				INFOPLIST_FILE = macOS/Info.plist;
				LD_RUNPATH_SEARCH_PATHS = (
					"$(inherited)",
					"@executable_path/../Frameworks",
				);
				MACOSX_DEPLOYMENT_TARGET = 11.0;
				PRODUCT_BUNDLE_IDENTIFIER = com.Travis.Demo01;
				PRODUCT_NAME = Demo01;
				SDKROOT = macosx;
				SWIFT_VERSION = 5.0;
			};
			name = Release;
		};
		EC9D4B3A26A66EE5008CCB62 /* Debug */ = {
			isa = XCBuildConfiguration;
			buildSettings = {
				ALWAYS_EMBED_SWIFT_STANDARD_LIBRARIES = YES;
				CODE_SIGN_STYLE = Automatic;
				INFOPLIST_FILE = "Tests iOS/Info.plist";
				IPHONEOS_DEPLOYMENT_TARGET = 14.5;
				LD_RUNPATH_SEARCH_PATHS = (
					"$(inherited)",
					"@executable_path/Frameworks",
					"@loader_path/Frameworks",
				);
				PRODUCT_BUNDLE_IDENTIFIER = "com.Travis.Tests-iOS";
				PRODUCT_NAME = "$(TARGET_NAME)";
				SDKROOT = iphoneos;
				SWIFT_VERSION = 5.0;
				TARGETED_DEVICE_FAMILY = "1,2";
				TEST_TARGET_NAME = "Demo01 (iOS)";
			};
			name = Debug;
		};
		EC9D4B3B26A66EE5008CCB62 /* Release */ = {
			isa = XCBuildConfiguration;
			buildSettings = {
				ALWAYS_EMBED_SWIFT_STANDARD_LIBRARIES = YES;
				CODE_SIGN_STYLE = Automatic;
				INFOPLIST_FILE = "Tests iOS/Info.plist";
				IPHONEOS_DEPLOYMENT_TARGET = 14.5;
				LD_RUNPATH_SEARCH_PATHS = (
					"$(inherited)",
					"@executable_path/Frameworks",
					"@loader_path/Frameworks",
				);
				PRODUCT_BUNDLE_IDENTIFIER = "com.Travis.Tests-iOS";
				PRODUCT_NAME = "$(TARGET_NAME)";
				SDKROOT = iphoneos;
				SWIFT_VERSION = 5.0;
				TARGETED_DEVICE_FAMILY = "1,2";
				TEST_TARGET_NAME = "Demo01 (iOS)";
				VALIDATE_PRODUCT = YES;
			};
			name = Release;
		};
		EC9D4B3D26A66EE5008CCB62 /* Debug */ = {
			isa = XCBuildConfiguration;
			buildSettings = {
				ALWAYS_EMBED_SWIFT_STANDARD_LIBRARIES = YES;
				CODE_SIGN_STYLE = Automatic;
				COMBINE_HIDPI_IMAGES = YES;
				INFOPLIST_FILE = "Tests macOS/Info.plist";
				LD_RUNPATH_SEARCH_PATHS = (
					"$(inherited)",
					"@executable_path/../Frameworks",
					"@loader_path/../Frameworks",
				);
				MACOSX_DEPLOYMENT_TARGET = 11.3;
				PRODUCT_BUNDLE_IDENTIFIER = "com.Travis.Tests-macOS";
				PRODUCT_NAME = "$(TARGET_NAME)";
				SDKROOT = macosx;
				SWIFT_VERSION = 5.0;
				TEST_TARGET_NAME = "Demo01 (macOS)";
			};
			name = Debug;
		};
		EC9D4B3E26A66EE5008CCB62 /* Release */ = {
			isa = XCBuildConfiguration;
			buildSettings = {
				ALWAYS_EMBED_SWIFT_STANDARD_LIBRARIES = YES;
				CODE_SIGN_STYLE = Automatic;
				COMBINE_HIDPI_IMAGES = YES;
				INFOPLIST_FILE = "Tests macOS/Info.plist";
				LD_RUNPATH_SEARCH_PATHS = (
					"$(inherited)",
					"@executable_path/../Frameworks",
					"@loader_path/../Frameworks",
				);
				MACOSX_DEPLOYMENT_TARGET = 11.3;
				PRODUCT_BUNDLE_IDENTIFIER = "com.Travis.Tests-macOS";
				PRODUCT_NAME = "$(TARGET_NAME)";
				SDKROOT = macosx;
				SWIFT_VERSION = 5.0;
				TEST_TARGET_NAME = "Demo01 (macOS)";
			};
			name = Release;
		};
/* End XCBuildConfiguration section */

/* Begin XCConfigurationList section */
		EC9D4B0026A66EE2008CCB62 /* Build configuration list for PBXProject "Demo01" */ = {
			isa = XCConfigurationList;
			buildConfigurations = (
				EC9D4B3126A66EE5008CCB62 /* Debug */,
				EC9D4B3226A66EE5008CCB62 /* Release */,
			);
			defaultConfigurationIsVisible = 0;
			defaultConfigurationName = Release;
		};
		EC9D4B3326A66EE5008CCB62 /* Build configuration list for PBXNativeTarget "Demo01 (iOS)" */ = {
			isa = XCConfigurationList;
			buildConfigurations = (
				EC9D4B3426A66EE5008CCB62 /* Debug */,
				EC9D4B3526A66EE5008CCB62 /* Release */,
			);
			defaultConfigurationIsVisible = 0;
			defaultConfigurationName = Release;
		};
		EC9D4B3626A66EE5008CCB62 /* Build configuration list for PBXNativeTarget "Demo01 (macOS)" */ = {
			isa = XCConfigurationList;
			buildConfigurations = (
				EC9D4B3726A66EE5008CCB62 /* Debug */,
				EC9D4B3826A66EE5008CCB62 /* Release */,
			);
			defaultConfigurationIsVisible = 0;
			defaultConfigurationName = Release;
		};
		EC9D4B3926A66EE5008CCB62 /* Build configuration list for PBXNativeTarget "Tests iOS" */ = {
			isa = XCConfigurationList;
			buildConfigurations = (
				EC9D4B3A26A66EE5008CCB62 /* Debug */,
				EC9D4B3B26A66EE5008CCB62 /* Release */,
			);
			defaultConfigurationIsVisible = 0;
			defaultConfigurationName = Release;
		};
		EC9D4B3C26A66EE5008CCB62 /* Build configuration list for PBXNativeTarget "Tests macOS" */ = {
			isa = XCConfigurationList;
			buildConfigurations = (
				EC9D4B3D26A66EE5008CCB62 /* Debug */,
				EC9D4B3E26A66EE5008CCB62 /* Release */,
			);
			defaultConfigurationIsVisible = 0;
			defaultConfigurationName = Release;
		};
/* End XCConfigurationList section */
	};
	rootObject = EC9D4AFD26A66EE2008CCB62 /* Project object */;
}
